
Microsoft Visual Studio Solution File, Format Version 12.00
# Visual Studio Version 17
VisualStudioVersion = 17.2.32616.157
MinimumVisualStudioVersion = 10.0.40219.1
Project("{FAE04EC0-301F-11D3-BF4B-00C04F79EFBC}") = "hetman", "hetman.csproj", "{FE2C436F-76A9-46B4-BC19-CAD3D0347CD1}"
EndProject
Global
	GlobalSection(SolutionConfigurationPlatforms) = preSolution
		Debug|Any CPU = Debug|Any CPU
		Release|Any CPU = Release|Any CPU
	EndGlobalSection
	GlobalSection(ProjectConfigurationPlatforms) = postSolution
		{FE2C436F-76A9-46B4-BC19-CAD3D0347CD1}.Debug|Any CPU.ActiveCfg = Debug|Any CPU
		{FE2C436F-76A9-46B4-BC19-CAD3D0347CD1}.Debug|Any CPU.Build.0 = Debug|Any CPU
		{FE2C436F-76A9-46B4-BC19-CAD3D0347CD1}.Release|Any CPU.ActiveCfg = Release|Any CPU
		{FE2C436F-76A9-46B4-BC19-CAD3D0347CD1}.Release|Any CPU.Build.0 = Release|Any CPU
	EndGlobalSection
	GlobalSection(SolutionProperties) = preSolution
		HideSolutionNode = FALSE
	EndGlobalSection
	GlobalSection(ExtensibilityGlobals) = postSolution
		SolutionGuid = {5ABB2454-058C-4C3D-9C02-B49EFBACCF0D}
	EndGlobalSection
EndGlobal
